
Microsoft Visual Studio Solution File, Format Version 12.00
# Visual Studio Version 17
VisualStudioVersion = 17.5.002.0
MinimumVisualStudioVersion = 10.0.40219.1
Project("{9A19103F-16F7-4668-BE54-9A1E7A4F7556}") = "лабораторна робота 1", "лабораторна робота 1.csproj", "{3C8F915E-22CA-4C44-9FBF-AF942F00E535}"
EndProject
Global
	GlobalSection(SolutionConfigurationPlatforms) = preSolution
		Debug|Any CPU = Debug|Any CPU
		Release|Any CPU = Release|Any CPU
	EndGlobalSection
	GlobalSection(ProjectConfigurationPlatforms) = postSolution
		{3C8F915E-22CA-4C44-9FBF-AF942F00E535}.Debug|Any CPU.ActiveCfg = Debug|Any CPU
		{3C8F915E-22CA-4C44-9FBF-AF942F00E535}.Debug|Any CPU.Build.0 = Debug|Any CPU
		{3C8F915E-22CA-4C44-9FBF-AF942F00E535}.Release|Any CPU.ActiveCfg = Release|Any CPU
		{3C8F915E-22CA-4C44-9FBF-AF942F00E535}.Release|Any CPU.Build.0 = Release|Any CPU
	EndGlobalSection
	GlobalSection(SolutionProperties) = preSolution
		HideSolutionNode = FALSE
	EndGlobalSection
	GlobalSection(ExtensibilityGlobals) = postSolution
		SolutionGuid = {B1F9F4C5-6A19-4F8A-AF40-5474DAD01D40}
	EndGlobalSection
EndGlobal
